
Microsoft Visual Studio Solution File, Format Version 12.00
# Visual Studio Version 17
VisualStudioVersion = 17.9.34714.143
MinimumVisualStudioVersion = 10.0.40219.1
Project("{FAE04EC0-301F-11D3-BF4B-00C04F79EFBC}") = "RentACar", "RentACar.csproj", "{2455E96E-B506-4531-8070-0D162A583824}"
EndProject
Project("{FAE04EC0-301F-11D3-BF4B-00C04F79EFBC}") = "BLL", "..\BLL\BLL.csproj", "{77F1A663-4DF6-4D29-90F0-F651AD95EB2B}"
EndProject
Project("{FAE04EC0-301F-11D3-BF4B-00C04F79EFBC}") = "DAL", "..\DAL\DAL.csproj", "{D3C38BEC-569F-461D-979E-4AB407468C11}"
EndProject
Project("{FAE04EC0-301F-11D3-BF4B-00C04F79EFBC}") = "DOMAIN", "..\DOMAIN\DOMAIN.csproj", "{AE770C30-5FF9-430E-8210-F522D191D306}"
EndProject
Project("{FAE04EC0-301F-11D3-BF4B-00C04F79EFBC}") = "TestProject", "..\TestProject\TestProject.csproj", "{E8F8D515-4874-4231-8D09-AA22849EC64C}"
EndProject
Global
	GlobalSection(SolutionConfigurationPlatforms) = preSolution
		Debug|Any CPU = Debug|Any CPU
		Release|Any CPU = Release|Any CPU
	EndGlobalSection
	GlobalSection(ProjectConfigurationPlatforms) = postSolution
		{2455E96E-B506-4531-8070-0D162A583824}.Debug|Any CPU.ActiveCfg = Debug|Any CPU
		{2455E96E-B506-4531-8070-0D162A583824}.Debug|Any CPU.Build.0 = Debug|Any CPU
		{2455E96E-B506-4531-8070-0D162A583824}.Release|Any CPU.ActiveCfg = Release|Any CPU
		{2455E96E-B506-4531-8070-0D162A583824}.Release|Any CPU.Build.0 = Release|Any CPU
		{77F1A663-4DF6-4D29-90F0-F651AD95EB2B}.Debug|Any CPU.ActiveCfg = Debug|Any CPU
		{77F1A663-4DF6-4D29-90F0-F651AD95EB2B}.Debug|Any CPU.Build.0 = Debug|Any CPU
		{77F1A663-4DF6-4D29-90F0-F651AD95EB2B}.Release|Any CPU.ActiveCfg = Release|Any CPU
		{77F1A663-4DF6-4D29-90F0-F651AD95EB2B}.Release|Any CPU.Build.0 = Release|Any CPU
		{D3C38BEC-569F-461D-979E-4AB407468C11}.Debug|Any CPU.ActiveCfg = Debug|Any CPU
		{D3C38BEC-569F-461D-979E-4AB407468C11}.Debug|Any CPU.Build.0 = Debug|Any CPU
		{D3C38BEC-569F-461D-979E-4AB407468C11}.Release|Any CPU.ActiveCfg = Release|Any CPU
		{D3C38BEC-569F-461D-979E-4AB407468C11}.Release|Any CPU.Build.0 = Release|Any CPU
		{AE770C30-5FF9-430E-8210-F522D191D306}.Debug|Any CPU.ActiveCfg = Debug|Any CPU
		{AE770C30-5FF9-430E-8210-F522D191D306}.Debug|Any CPU.Build.0 = Debug|Any CPU
		{AE770C30-5FF9-430E-8210-F522D191D306}.Release|Any CPU.ActiveCfg = Release|Any CPU
		{AE770C30-5FF9-430E-8210-F522D191D306}.Release|Any CPU.Build.0 = Release|Any CPU
		{E8F8D515-4874-4231-8D09-AA22849EC64C}.Debug|Any CPU.ActiveCfg = Debug|Any CPU
		{E8F8D515-4874-4231-8D09-AA22849EC64C}.Debug|Any CPU.Build.0 = Debug|Any CPU
		{E8F8D515-4874-4231-8D09-AA22849EC64C}.Release|Any CPU.ActiveCfg = Release|Any CPU
		{E8F8D515-4874-4231-8D09-AA22849EC64C}.Release|Any CPU.Build.0 = Release|Any CPU
	EndGlobalSection
	GlobalSection(SolutionProperties) = preSolution
		HideSolutionNode = FALSE
	EndGlobalSection
	GlobalSection(ExtensibilityGlobals) = postSolution
		SolutionGuid = {6E4941C6-DF48-4167-9FE5-BFC24F910879}
	EndGlobalSection
EndGlobal
