
Microsoft Visual Studio Solution File, Format Version 12.00
# Visual Studio Version 17
VisualStudioVersion = 17.9.34714.143
MinimumVisualStudioVersion = 10.0.40219.1
Project("{FAE04EC0-301F-11D3-BF4B-00C04F79EFBC}") = "RentACar", "RentACar.csproj", "{2455E96E-B506-4531-8070-0D162A583824}"
EndProject
Global
	GlobalSection(SolutionConfigurationPlatforms) = preSolution
		Debug|Any CPU = Debug|Any CPU
		Release|Any CPU = Release|Any CPU
	EndGlobalSection
	GlobalSection(ProjectConfigurationPlatforms) = postSolution
		{2455E96E-B506-4531-8070-0D162A583824}.Debug|Any CPU.ActiveCfg = Debug|Any CPU
		{2455E96E-B506-4531-8070-0D162A583824}.Debug|Any CPU.Build.0 = Debug|Any CPU
		{2455E96E-B506-4531-8070-0D162A583824}.Release|Any CPU.ActiveCfg = Release|Any CPU
		{2455E96E-B506-4531-8070-0D162A583824}.Release|Any CPU.Build.0 = Release|Any CPU
	EndGlobalSection
	GlobalSection(SolutionProperties) = preSolution
		HideSolutionNode = FALSE
	EndGlobalSection
	GlobalSection(ExtensibilityGlobals) = postSolution
		SolutionGuid = {6E4941C6-DF48-4167-9FE5-BFC24F910879}
	EndGlobalSection
EndGlobal
